
Microsoft Visual Studio Solution File, Format Version 12.00
# Visual Studio 15
VisualStudioVersion = 15.0.28010.2003
MinimumVisualStudioVersion = 10.0.40219.1
Project("{9A19103F-16F7-4668-BE54-9A1E7A4F7556}") = "SIS.WebServer", "SIS.WebServer\SIS.WebServer.csproj", "{9069BFBB-817C-4FA4-A980-E20E9DD7A469}"
EndProject
Project("{9A19103F-16F7-4668-BE54-9A1E7A4F7556}") = "SIS.HTTP", "SIS.HTTP\SIS.HTTP.csproj", "{9C8ADFD1-16AE-4365-A160-A1C6091A0509}"
EndProject
Project("{2150E333-8FDC-42A3-9474-1A3956D46DE8}") = "Apps", "Apps", "{18A044AE-91C4-48B0-AD7A-BCAC2FB995F6}"
EndProject
Project("{9A19103F-16F7-4668-BE54-9A1E7A4F7556}") = "CakesWebApp", "Apps\CakesWebApp\CakesWebApp.csproj", "{4181F3D8-1C3F-48E7-8D29-1A97C15B225E}"
EndProject
Project("{9A19103F-16F7-4668-BE54-9A1E7A4F7556}") = "Services", "Services\Services.csproj", "{BECF39DA-71DA-4A37-B607-B0582AEF6D33}"
EndProject
Project("{9A19103F-16F7-4668-BE54-9A1E7A4F7556}") = "SIS.Framework", "SIS.Framework\SIS.Framework.csproj", "{DFED3E01-5E96-4913-B601-4BDE02FBFA71}"
EndProject
Project("{9A19103F-16F7-4668-BE54-9A1E7A4F7556}") = "IRunes", "IRunes\IRunes.csproj", "{99174119-147A-468E-AD7F-43160A0D0A17}"
EndProject
Project("{FAE04EC0-301F-11D3-BF4B-00C04F79EFBC}") = "Sis.Demo2", "Sis.Demo2\Sis.Demo2.csproj", "{B0D34AE2-C1AB-4C16-96BE-25447EC6DC90}"
EndProject
Global
	GlobalSection(SolutionConfigurationPlatforms) = preSolution
		Debug|Any CPU = Debug|Any CPU
		Release|Any CPU = Release|Any CPU
	EndGlobalSection
	GlobalSection(ProjectConfigurationPlatforms) = postSolution
		{9069BFBB-817C-4FA4-A980-E20E9DD7A469}.Debug|Any CPU.ActiveCfg = Debug|Any CPU
		{9069BFBB-817C-4FA4-A980-E20E9DD7A469}.Debug|Any CPU.Build.0 = Debug|Any CPU
		{9069BFBB-817C-4FA4-A980-E20E9DD7A469}.Release|Any CPU.ActiveCfg = Release|Any CPU
		{9069BFBB-817C-4FA4-A980-E20E9DD7A469}.Release|Any CPU.Build.0 = Release|Any CPU
		{9C8ADFD1-16AE-4365-A160-A1C6091A0509}.Debug|Any CPU.ActiveCfg = Debug|Any CPU
		{9C8ADFD1-16AE-4365-A160-A1C6091A0509}.Debug|Any CPU.Build.0 = Debug|Any CPU
		{9C8ADFD1-16AE-4365-A160-A1C6091A0509}.Release|Any CPU.ActiveCfg = Release|Any CPU
		{9C8ADFD1-16AE-4365-A160-A1C6091A0509}.Release|Any CPU.Build.0 = Release|Any CPU
		{4181F3D8-1C3F-48E7-8D29-1A97C15B225E}.Debug|Any CPU.ActiveCfg = Debug|Any CPU
		{4181F3D8-1C3F-48E7-8D29-1A97C15B225E}.Debug|Any CPU.Build.0 = Debug|Any CPU
		{4181F3D8-1C3F-48E7-8D29-1A97C15B225E}.Release|Any CPU.ActiveCfg = Release|Any CPU
		{4181F3D8-1C3F-48E7-8D29-1A97C15B225E}.Release|Any CPU.Build.0 = Release|Any CPU
		{BECF39DA-71DA-4A37-B607-B0582AEF6D33}.Debug|Any CPU.ActiveCfg = Debug|Any CPU
		{BECF39DA-71DA-4A37-B607-B0582AEF6D33}.Debug|Any CPU.Build.0 = Debug|Any CPU
		{BECF39DA-71DA-4A37-B607-B0582AEF6D33}.Release|Any CPU.ActiveCfg = Release|Any CPU
		{BECF39DA-71DA-4A37-B607-B0582AEF6D33}.Release|Any CPU.Build.0 = Release|Any CPU
		{DFED3E01-5E96-4913-B601-4BDE02FBFA71}.Debug|Any CPU.ActiveCfg = Debug|Any CPU
		{DFED3E01-5E96-4913-B601-4BDE02FBFA71}.Debug|Any CPU.Build.0 = Debug|Any CPU
		{DFED3E01-5E96-4913-B601-4BDE02FBFA71}.Release|Any CPU.ActiveCfg = Release|Any CPU
		{DFED3E01-5E96-4913-B601-4BDE02FBFA71}.Release|Any CPU.Build.0 = Release|Any CPU
		{99174119-147A-468E-AD7F-43160A0D0A17}.Debug|Any CPU.ActiveCfg = Debug|Any CPU
		{99174119-147A-468E-AD7F-43160A0D0A17}.Debug|Any CPU.Build.0 = Debug|Any CPU
		{99174119-147A-468E-AD7F-43160A0D0A17}.Release|Any CPU.ActiveCfg = Release|Any CPU
		{99174119-147A-468E-AD7F-43160A0D0A17}.Release|Any CPU.Build.0 = Release|Any CPU
		{B0D34AE2-C1AB-4C16-96BE-25447EC6DC90}.Debug|Any CPU.ActiveCfg = Debug|Any CPU
		{B0D34AE2-C1AB-4C16-96BE-25447EC6DC90}.Debug|Any CPU.Build.0 = Debug|Any CPU
		{B0D34AE2-C1AB-4C16-96BE-25447EC6DC90}.Release|Any CPU.ActiveCfg = Release|Any CPU
		{B0D34AE2-C1AB-4C16-96BE-25447EC6DC90}.Release|Any CPU.Build.0 = Release|Any CPU
	EndGlobalSection
	GlobalSection(SolutionProperties) = preSolution
		HideSolutionNode = FALSE
	EndGlobalSection
	GlobalSection(NestedProjects) = preSolution
		{4181F3D8-1C3F-48E7-8D29-1A97C15B225E} = {18A044AE-91C4-48B0-AD7A-BCAC2FB995F6}
	EndGlobalSection
	GlobalSection(ExtensibilityGlobals) = postSolution
		SolutionGuid = {7DDABD09-DCFC-4DD2-996C-EDD241D1D1F0}
	EndGlobalSection
EndGlobal
